version = 1
revision = 3
requires-python = "==3.10.*"

[[package]]
name = "awscli"
version = "1.24.5"
source = { registry = "https://pypi.org/simple" }
dependencies = [
    { name = "botocore" },
    { name = "colorama" },
    { name = "docutils" },
    { name = "pyyaml" },
    { name = "rsa" },
    { name = "s3transfer" },
]
sdist = { url = "https://files.pythonhosted.org/packages/67/96/e84534d0e65fdf4d32b98b0c421aec5a3139c7a51ea8eb667a4dbcd84d02/awscli-1.24.5.tar.gz", hash = "sha256:600f98675e4a9809dd03f5e62c86fb9ed200a6ac1e9124096eceb33087d27469", size = 1581237, upload-time = "2022-05-20T19:13:42.505Z" }
wheels = [
    { url = "https://files.pythonhosted.org/packages/5f/50/b09c0b44a748f4ddc006b2ac0e65cb482a94cbc2f610216aae13ff4efbe4/awscli-1.24.5-py3-none-any.whl", hash = "sha256:57c68b490b3ff8e9b8e8d37ce4b39e3b9671679c9a9a75acf5f89f5c2366401f", size = 3867875, upload-time = "2022-05-20T19:13:38.536Z" },
]

[[package]]
name = "baseball-computer-bin"
version = "0.0.0"
source = { virtual = "." }
dependencies = [
    { name = "boxball-schemas" },
    { name = "numpy" },
    { name = "pandas" },
    { name = "pyarrow" },
    { name = "sqlalchemy" },
]

[package.optional-dependencies]
ci = [
    { name = "awscli" },
]

[package.metadata]
requires-dist = [
    { name = "awscli", marker = "extra == 'ci'", specifier = "==1.24.5" },
    { name = "boxball-schemas", specifier = "==0.0.8" },
    { name = "numpy", specifier = "<2" },
    { name = "pandas", specifier = "==2.1.1" },
    { name = "pyarrow", specifier = "==14.0.1" },
    { name = "sqlalchemy", specifier = "==1.4.46" },
]
provides-extras = ["ci"]

[[package]]
name = "botocore"
version = "1.26.5"
source = { registry = "https://pypi.org/simple" }
dependencies = [
    { name = "jmespath" },
    { name = "python-dateutil" },
    { name = "urllib3" },
]
sdist = { url = "https://files.pythonhosted.org/packages/5b/df/9d31c7888915795895ba6028b4ccaea04571cbbb6dc02efcacce952fab33/botocore-1.26.5.tar.gz", hash = "sha256:32541873924e3ff0ad95f02dc331e9f278721a3b864a4e2a8d514346b2598ce5", size = 8994964, upload-time = "2022-05-20T19:13:34.04Z" }
wheels = [
    { url = "https://files.pythonhosted.org/packages/3e/ab/cdd9f2e7ef0d8bcbbf2c613ec85a95113e7d5d02bbc64450a2e0aab8de86/botocore-1.26.5-py3-none-any.whl", hash = "sha256:805db3ecf85ff89edfb6788f862b87426f990e3e6383ef3fca3076f7659a5454", size = 8757142, upload-time = "2022-05-20T19:13:28.845Z" },
]

[[package]]
name = "boxball-schemas"
version = "0.0.8"
source = { registry = "https://pypi.org/simple" }
dependencies = [
    { name = "sqlalchemy" },
]
sdist = { url = "https://files.pythonhosted.org/packages/ea/5f/bafcf00e6e7f5a6e4c382861b1da7a6b141aa7938406f5f94f657ec25100/boxball-schemas-0.0.8.tar.gz", hash = "sha256:3b867503593453f85724e6850e1e4b71340e7af54ab88e3490c344ef92354d25", size = 14969, upload-time = "2023-10-07T12:42:56.381Z" }
wheels = [
    { url = "https://files.pythonhosted.org/packages/af/92/1950d7ac1fff27f3b50d25f42c797f3f356bf25a666c88c01796ffbc8633/boxball_schemas-0.0.8-py3-none-any.whl", hash = "sha256:7afde622a89aa93bfd1e94bab3940eaf3ae3c2fc1499526bf2a903be1d2b648b", size = 15652, upload-time = "2023-10-07T12:42:55.208Z" },
]

[[package]]
name = "colorama"
version = "0.4.4"
source = { registry = "https://pypi.org/simple" }
sdist = { url = "https://files.pythonhosted.org/packages/1f/bb/5d3246097ab77fa083a61bd8d3d527b7ae063c7d8e8671b1cf8c4ec10cbe/colorama-0.4.4.tar.gz", hash = "sha256:5941b2b48a20143d2267e95b1c2a7603ce057ee39fd88e7329b0c292aa16869b", size = 27813, upload-time = "2020-10-15T18:36:33.372Z" }
wheels = [
    { url = "https://files.pythonhosted.org/packages/44/98/5b86278fbbf250d239ae0ecb724f8572af1c91f4a11edf4d36a206189440/colorama-0.4.4-py2.py3-none-any.whl", hash = "sha256:9f47eda37229f68eee03b24b9748937c7dc3868f906e8ba69fbcbdd3bc5dc3e2", size = 16028, upload-time = "2020-10-13T02:42:26.463Z" },
]

[[package]]
name = "docutils"
version = "0.16"
source = { registry = "https://pypi.org/simple" }
sdist = { url = "https://files.pythonhosted.org/packages/2f/e0/3d435b34abd2d62e8206171892f174b180cd37b09d57b924ca5c2ef2219d/docutils-0.16.tar.gz", hash = "sha256:c2de3a60e9e7d07be26b7f2b00ca0309c207e06c100f9cc2a94931fc75a478fc", size = 1962041, upload-time = "2020-01-12T13:55:25.917Z" }
wheels = [
    { url = "https://files.pythonhosted.org/packages/81/44/8a15e45ffa96e6cf82956dd8d7af9e666357e16b0d93b253903475ee947f/docutils-0.16-py2.py3-none-any.whl", hash = "sha256:0c5b78adfbf7762415433f5515cd5c9e762339e23369dbe8000d84a4bf4ab3af", size = 548181, upload-time = "2020-01-12T13:55:21.393Z" },
]

[[package]]
name = "greenlet"
version = "3.5.0"
source = { registry = "https://pypi.org/simple" }
sdist = { url = "https://files.pythonhosted.org/packages/3c/3f/dbf99fb14bfeb88c28f16729215478c0e265cacd6dc22270c8f31bb6892f/greenlet-3.5.0.tar.gz", hash = "sha256:d419647372241bc68e957bf38d5c1f98852155e4146bd1e4121adea81f4f01e4", size = 196995, upload-time = "2026-04-27T13:37:15.544Z" }
wheels = [
    { url = "https://files.pythonhosted.org/packages/b0/03/84359833f7e1d49a883e92777637c592306030e30cee5e2b1e6476f95c88/greenlet-3.5.0-cp310-cp310-macosx_11_0_universal2.whl", hash = "sha256:29ea813b2e1f45fa9649a17853b2b5465c4072fbcb072e5af6cd3a288216574a", size = 283502, upload-time = "2026-04-27T12:20:55.213Z" },
    { url = "https://files.pythonhosted.org/packages/25/ce/6f9f008266273aa14a2e011945797ac5802b97b8b40efe7afe1ee6c1afc9/greenlet-3.5.0-cp310-cp310-manylinux_2_24_aarch64.manylinux_2_28_aarch64.whl", hash = "sha256:804a70b328e706b785c6ef16187051c394a63dd1a906d89be24b6ad77759f13f", size = 600508, upload-time = "2026-04-27T12:52:37.876Z" },
    { url = "https://files.pythonhosted.org/packages/e0/6d/b0f3272c2368ea2c1aa19a5ad70db0be8f8dff6e6d3d1eb82efa00cbcf19/greenlet-3.5.0-cp310-cp310-manylinux_2_24_ppc64le.manylinux_2_28_ppc64le.whl", hash = "sha256:884f649de075b84739713d41dd4dfd41e2b910bfb769c4a3ea02ec1da52cd9bb", size = 613283, upload-time = "2026-04-27T12:59:37.957Z" },
    { url = "https://files.pythonhosted.org/packages/ed/ac/0b509b6fb93551ce5a01612ee1acda7f7dda4bbb66c99aeb2ab403d205dc/greenlet-3.5.0-cp310-cp310-manylinux_2_24_x86_64.manylinux_2_28_x86_64.whl", hash = "sha256:4b28037cb07768933c54d81bfe47a85f9f402f57d7d69743b991a713b63954eb", size = 613418, upload-time = "2026-04-27T12:25:23.852Z" },
    { url = "https://files.pythonhosted.org/packages/03/03/2b2b680ec87aaa97998fb5b8d76658d4d3560386864f17efab33ba7c2e24/greenlet-3.5.0-cp310-cp310-musllinux_1_2_aarch64.whl", hash = "sha256:cda05425526240807408156b6960a17a79a0c760b813573b67027823be760977", size = 1572229, upload-time = "2026-04-27T12:53:23.509Z" },
    { url = "https://files.pythonhosted.org/packages/61/e4/42b259e7a19aff1a270a4bd82caf6353109ed6860c9454e18f37162b83ae/greenlet-3.5.0-cp310-cp310-musllinux_1_2_x86_64.whl", hash = "sha256:9c615f869163e14bb1ced20322d8038fb680b08236521ac3f30cd4c1288785a0", size = 1639886, upload-time = "2026-04-27T12:25:22.325Z" },
    { url = "https://files.pythonhosted.org/packages/6f/b4/733ca47b883b67c57f90d3ecb21055c9ec753597d10754ac201644061f9d/greenlet-3.5.0-cp310-cp310-win_amd64.whl", hash = "sha256:ba8f0bdc2fae6ce915dfd0c16d2d00bca7e4247c1eae4416e06430e522137858", size = 237795, upload-time = "2026-04-27T12:21:40.118Z" },
]

[[package]]
name = "jmespath"
version = "1.1.0"
source = { registry = "https://pypi.org/simple" }
sdist = { url = "https://files.pythonhosted.org/packages/d3/59/322338183ecda247fb5d1763a6cbe46eff7222eaeebafd9fa65d4bf5cb11/jmespath-1.1.0.tar.gz", hash = "sha256:472c87d80f36026ae83c6ddd0f1d05d4e510134ed462851fd5f754c8c3cbb88d", size = 27377, upload-time = "2026-01-22T16:35:26.279Z" }
wheels = [
    { url = "https://files.pythonhosted.org/packages/14/2f/967ba146e6d58cf6a652da73885f52fc68001525b4197effc174321d70b4/jmespath-1.1.0-py3-none-any.whl", hash = "sha256:a5663118de4908c91729bea0acadca56526eb2698e83de10cd116ae0f4e97c64", size = 20419, upload-time = "2026-01-22T16:35:24.919Z" },
]

[[package]]
name = "numpy"
version = "1.26.4"
source = { registry = "https://pypi.org/simple" }
sdist = { url = "https://files.pythonhosted.org/packages/65/6e/09db70a523a96d25e115e71cc56a6f9031e7b8cd166c1ac8438307c14058/numpy-1.26.4.tar.gz", hash = "sha256:2a02aba9ed12e4ac4eb3ea9421c420301a0c6460d9830d74a9df87efa4912010", size = 15786129, upload-time = "2024-02-06T00:26:44.495Z" }
wheels = [
    { url = "https://files.pythonhosted.org/packages/a7/94/ace0fdea5241a27d13543ee117cbc65868e82213fb31a8eb7fe9ff23f313/numpy-1.26.4-cp310-cp310-macosx_10_9_x86_64.whl", hash = "sha256:9ff0f4f29c51e2803569d7a51c2304de5554655a60c5d776e35b4a41413830d0", size = 20631468, upload-time = "2024-02-05T23:48:01.194Z" },
    { url = "https://files.pythonhosted.org/packages/20/f7/b24208eba89f9d1b58c1668bc6c8c4fd472b20c45573cb767f59d49fb0f6/numpy-1.26.4-cp310-cp310-macosx_11_0_arm64.whl", hash = "sha256:2e4ee3380d6de9c9ec04745830fd9e2eccb3e6cf790d39d7b98ffd19b0dd754a", size = 13966411, upload-time = "2024-02-05T23:48:29.038Z" },
    { url = "https://files.pythonhosted.org/packages/fc/a5/4beee6488160798683eed5bdb7eead455892c3b4e1f78d79d8d3f3b084ac/numpy-1.26.4-cp310-cp310-manylinux_2_17_aarch64.manylinux2014_aarch64.whl", hash = "sha256:d209d8969599b27ad20994c8e41936ee0964e6da07478d6c35016bc386b66ad4", size = 14219016, upload-time = "2024-02-05T23:48:54.098Z" },
    { url = "https://files.pythonhosted.org/packages/4b/d7/ecf66c1cd12dc28b4040b15ab4d17b773b87fa9d29ca16125de01adb36cd/numpy-1.26.4-cp310-cp310-manylinux_2_17_x86_64.manylinux2014_x86_64.whl", hash = "sha256:ffa75af20b44f8dba823498024771d5ac50620e6915abac414251bd971b4529f", size = 18240889, upload-time = "2024-02-05T23:49:25.361Z" },
    { url = "https://files.pythonhosted.org/packages/24/03/6f229fe3187546435c4f6f89f6d26c129d4f5bed40552899fcf1f0bf9e50/numpy-1.26.4-cp310-cp310-musllinux_1_1_aarch64.whl", hash = "sha256:62b8e4b1e28009ef2846b4c7852046736bab361f7aeadeb6a5b89ebec3c7055a", size = 13876746, upload-time = "2024-02-05T23:49:51.983Z" },
    { url = "https://files.pythonhosted.org/packages/39/fe/39ada9b094f01f5a35486577c848fe274e374bbf8d8f472e1423a0bbd26d/numpy-1.26.4-cp310-cp310-musllinux_1_1_x86_64.whl", hash = "sha256:a4abb4f9001ad2858e7ac189089c42178fcce737e4169dc61321660f1a96c7d2", size = 18078620, upload-time = "2024-02-05T23:50:22.515Z" },
    { url = "https://files.pythonhosted.org/packages/d5/ef/6ad11d51197aad206a9ad2286dc1aac6a378059e06e8cf22cd08ed4f20dc/numpy-1.26.4-cp310-cp310-win32.whl", hash = "sha256:bfe25acf8b437eb2a8b2d49d443800a5f18508cd811fea3181723922a8a82b07", size = 5972659, upload-time = "2024-02-05T23:50:35.834Z" },
    { url = "https://files.pythonhosted.org/packages/19/77/538f202862b9183f54108557bfda67e17603fc560c384559e769321c9d92/numpy-1.26.4-cp310-cp310-win_amd64.whl", hash = "sha256:b97fe8060236edf3662adfc2c633f56a08ae30560c56310562cb4f95500022d5", size = 15808905, upload-time = "2024-02-05T23:51:03.701Z" },
]

[[package]]
name = "pandas"
version = "2.1.1"
source = { registry = "https://pypi.org/simple" }
dependencies = [
    { name = "numpy" },
    { name = "python-dateutil" },
    { name = "pytz" },
    { name = "tzdata" },
]
sdist = { url = "https://files.pythonhosted.org/packages/3d/0e/2c225d7a5de6ca0ec7d729aff6ef560544596f3a9bfed77f6dbc1713dbb5/pandas-2.1.1.tar.gz", hash = "sha256:fecb198dc389429be557cde50a2d46da8434a17fe37d7d41ff102e3987fd947b", size = 4266250, upload-time = "2023-09-20T21:05:19.391Z" }
wheels = [
    { url = "https://files.pythonhosted.org/packages/f3/e6/7021570b1152ae8efc2dc99f4aef2c0b91c1f098a18cb8671d5b06ebdf53/pandas-2.1.1-cp310-cp310-macosx_10_9_x86_64.whl", hash = "sha256:58d997dbee0d4b64f3cb881a24f918b5f25dd64ddf31f467bb9b67ae4c63a1e4", size = 11714576, upload-time = "2023-09-20T21:03:54.378Z" },
    { url = "https://files.pythonhosted.org/packages/ff/5a/c7359edec58500b35da8dc40a69ea7b0a3be48a479e1c91e8e8d0a2d9aa7/pandas-2.1.1-cp310-cp310-macosx_11_0_arm64.whl", hash = "sha256:02304e11582c5d090e5a52aec726f31fe3f42895d6bfc1f28738f9b64b6f0614", size = 10903065, upload-time = "2023-09-20T21:03:58.774Z" },
    { url = "https://files.pythonhosted.org/packages/fa/f4/e16c1af875f49f2390099b698871afc032bd40583f03c6b5ab012a65a81a/pandas-2.1.1-cp310-cp310-manylinux_2_17_aarch64.manylinux2014_aarch64.whl", hash = "sha256:ffa8f0966de2c22de408d0e322db2faed6f6e74265aa0856f3824813cf124363", size = 14760458, upload-time = "2023-09-20T21:04:03.454Z" },
    { url = "https://files.pythonhosted.org/packages/2f/0e/3b74e8f7c908082793adafb02753477f653ccd7e189f3ba070757d2d0e65/pandas-2.1.1-cp310-cp310-manylinux_2_17_x86_64.manylinux2014_x86_64.whl", hash = "sha256:c1f84c144dee086fe4f04a472b5cd51e680f061adf75c1ae4fc3a9275560f8f4", size = 12255719, upload-time = "2023-09-20T21:04:06.475Z" },
    { url = "https://files.pythonhosted.org/packages/a9/42/0fa5432e352a57b228a4588bb6c2f93242a922df81000161348ad9623165/pandas-2.1.1-cp310-cp310-musllinux_1_1_x86_64.whl", hash = "sha256:75ce97667d06d69396d72be074f0556698c7f662029322027c226fd7a26965cb", size = 13058354, upload-time = "2023-09-20T21:04:10.007Z" },
    { url = "https://files.pythonhosted.org/packages/ce/cd/a7c2cbffe2afff975349e60b14b63a448162145a7acac8ba12ddc2ed78a8/pandas-2.1.1-cp310-cp310-win_amd64.whl", hash = "sha256:4c3f32fd7c4dccd035f71734df39231ac1a6ff95e8bdab8d891167197b7018d2", size = 10691696, upload-time = "2023-09-20T21:04:13.765Z" },
]

[[package]]
name = "pyarrow"
version = "14.0.1"
source = { registry = "https://pypi.org/simple" }
dependencies = [
    { name = "numpy" },
]
sdist = { url = "https://files.pythonhosted.org/packages/e0/c3/48602ef0a293af9297c0c65cdef8a2339256e485c54a4ff375d3e95d3415/pyarrow-14.0.1.tar.gz", hash = "sha256:b8b3f4fe8d4ec15e1ef9b599b94683c5216adaed78d5cb4c606180546d1e2ee1", size = 1062511, upload-time = "2023-11-08T17:19:58.15Z" }
wheels = [
    { url = "https://files.pythonhosted.org/packages/c4/ee/84611852a4338e374053b5b2177c70aecb901705c6967ea1321126a24c00/pyarrow-14.0.1-cp310-cp310-macosx_10_14_x86_64.whl", hash = "sha256:96d64e5ba7dceb519a955e5eeb5c9adcfd63f73a56aea4722e2cc81364fc567a", size = 26855009, upload-time = "2023-11-08T17:00:41.896Z" },
    { url = "https://files.pythonhosted.org/packages/e7/98/86b7480f7daae6755f142a900f1c838d90d62c9ac03d2d572e4556a08653/pyarrow-14.0.1-cp310-cp310-macosx_11_0_arm64.whl", hash = "sha256:1a8ae88c0038d1bc362a682320112ee6774f006134cd5afc291591ee4bc06505", size = 23964197, upload-time = "2023-11-08T17:01:07.713Z" },
    { url = "https://files.pythonhosted.org/packages/bf/92/e8b678250fd8695d7fe59274fc54d8cc71a84f859133571bac9a3f446aba/pyarrow-14.0.1-cp310-cp310-manylinux_2_17_aarch64.manylinux2014_aarch64.whl", hash = "sha256:0f6f053cb66dc24091f5511e5920e45c83107f954a21032feadc7b9e3a8e7851", size = 35944104, upload-time = "2023-11-08T17:01:44.801Z" },
    { url = "https://files.pythonhosted.org/packages/27/bb/91d62fcc5678ff9e8483f27f9c493b1891820d4fd35e1fbae115bb24c5dd/pyarrow-14.0.1-cp310-cp310-manylinux_2_17_x86_64.manylinux2014_x86_64.whl", hash = "sha256:906b0dc25f2be12e95975722f1e60e162437023f490dbd80d0deb7375baf3171", size = 38078417, upload-time = "2023-11-08T17:02:22.345Z" },
    { url = "https://files.pythonhosted.org/packages/b9/23/6a03578dfb889362ebc2e721eda098a8be319d3d5946c11e7e43319b2f4b/pyarrow-14.0.1-cp310-cp310-manylinux_2_28_aarch64.whl", hash = "sha256:78d4a77a46a7de9388b653af1c4ce539350726cd9af62e0831e4f2bd0c95a2f4", size = 35405180, upload-time = "2023-11-08T17:02:56.923Z" },
    { url = "https://files.pythonhosted.org/packages/34/65/204f7c0d507056c37b56dddb3bd60f55744f2609c0f96a5e4ca91c67c42a/pyarrow-14.0.1-cp310-cp310-manylinux_2_28_x86_64.whl", hash = "sha256:06ca79080ef89d6529bb8e5074d4b4f6086143b2520494fcb7cf8a99079cde93", size = 37976965, upload-time = "2023-11-08T17:03:36.29Z" },
    { url = "https://files.pythonhosted.org/packages/7f/ab/2c69e9ac0a7629e0787fc1bf8dbe9064c6de814077810e62311f564863a6/pyarrow-14.0.1-cp310-cp310-win_amd64.whl", hash = "sha256:32542164d905002c42dff896efdac79b3bdd7291b1b74aa292fac8450d0e4dcd", size = 24580762, upload-time = "2023-11-08T17:04:05.057Z" },
]

[[package]]
name = "pyasn1"
version = "0.6.3"
source = { registry = "https://pypi.org/simple" }
sdist = { url = "https://files.pythonhosted.org/packages/5c/5f/6583902b6f79b399c9c40674ac384fd9cd77805f9e6205075f828ef11fb2/pyasn1-0.6.3.tar.gz", hash = "sha256:697a8ecd6d98891189184ca1fa05d1bb00e2f84b5977c481452050549c8a72cf", size = 148685, upload-time = "2026-03-17T01:06:53.382Z" }
wheels = [
    { url = "https://files.pythonhosted.org/packages/5d/a0/7d793dce3fa811fe047d6ae2431c672364b462850c6235ae306c0efd025f/pyasn1-0.6.3-py3-none-any.whl", hash = "sha256:a80184d120f0864a52a073acc6fc642847d0be408e7c7252f31390c0f4eadcde", size = 83997, upload-time = "2026-03-17T01:06:52.036Z" },
]

[[package]]
name = "python-dateutil"
version = "2.9.0.post0"
source = { registry = "https://pypi.org/simple" }
dependencies = [
    { name = "six" },
]
sdist = { url = "https://files.pythonhosted.org/packages/66/c0/0c8b6ad9f17a802ee498c46e004a0eb49bc148f2fd230864601a86dcf6db/python-dateutil-2.9.0.post0.tar.gz", hash = "sha256:37dd54208da7e1cd875388217d5e00ebd4179249f90fb72437e91a35459a0ad3", size = 342432, upload-time = "2024-03-01T18:36:20.211Z" }
wheels = [
    { url = "https://files.pythonhosted.org/packages/ec/57/56b9bcc3c9c6a792fcbaf139543cee77261f3651ca9da0c93f5c1221264b/python_dateutil-2.9.0.post0-py2.py3-none-any.whl", hash = "sha256:a8b2bc7bffae282281c8140a97d3aa9c14da0b136dfe83f850eea9a5f7470427", size = 229892, upload-time = "2024-03-01T18:36:18.57Z" },
]

[[package]]
name = "pytz"
version = "2026.1.post1"
source = { registry = "https://pypi.org/simple" }
sdist = { url = "https://files.pythonhosted.org/packages/56/db/b8721d71d945e6a8ac63c0fc900b2067181dbb50805958d4d4661cf7d277/pytz-2026.1.post1.tar.gz", hash = "sha256:3378dde6a0c3d26719182142c56e60c7f9af7e968076f31aae569d72a0358ee1", size = 321088, upload-time = "2026-03-03T07:47:50.683Z" }
wheels = [
    { url = "https://files.pythonhosted.org/packages/10/99/781fe0c827be2742bcc775efefccb3b048a3a9c6ce9aec0cbf4a101677e5/pytz-2026.1.post1-py2.py3-none-any.whl", hash = "sha256:f2fd16142fda348286a75e1a524be810bb05d444e5a081f37f7affc635035f7a", size = 510489, upload-time = "2026-03-03T07:47:49.167Z" },
]

[[package]]
name = "pyyaml"
version = "5.4.1"
source = { registry = "https://pypi.org/simple" }
sdist = { url = "https://files.pythonhosted.org/packages/a0/a4/d63f2d7597e1a4b55aa3b4d6c5b029991d3b824b5bd331af8d4ab1ed687d/PyYAML-5.4.1.tar.gz", hash = "sha256:607774cbba28732bfa802b54baa7484215f530991055bb562efbed5b2f20a45e", size = 175147, upload-time = "2021-01-20T22:07:59.479Z" }

[[package]]
name = "rsa"
version = "4.7.2"
source = { registry = "https://pypi.org/simple" }
dependencies = [
    { name = "pyasn1" },
]
sdist = { url = "https://files.pythonhosted.org/packages/db/b5/475c45a58650b0580421746504b680cd2db4e81bc941e94ca53785250269/rsa-4.7.2.tar.gz", hash = "sha256:9d689e6ca1b3038bc82bf8d23e944b6b6037bc02301a574935b2dd946e0353b9", size = 39711, upload-time = "2021-02-24T10:55:05.846Z" }
wheels = [
    { url = "https://files.pythonhosted.org/packages/e9/93/0c0f002031f18b53af7a6166103c02b9c0667be528944137cc954ec921b3/rsa-4.7.2-py3-none-any.whl", hash = "sha256:78f9a9bf4e7be0c5ded4583326e7461e3a3c5aae24073648b4bdfa797d78c9d2", size = 34505, upload-time = "2021-02-24T10:55:03.55Z" },
]

[[package]]
name = "s3transfer"
version = "0.5.2"
source = { registry = "https://pypi.org/simple" }
dependencies = [
    { name = "botocore" },
]
sdist = { url = "https://files.pythonhosted.org/packages/7e/19/f82e4af435a19b28bdbfba63f338ea20a264f4df4beaf8f2ab9bfa34072b/s3transfer-0.5.2.tar.gz", hash = "sha256:95c58c194ce657a5f4fb0b9e60a84968c808888aed628cd98ab8771fe1db98ed", size = 134873, upload-time = "2022-02-24T20:06:57.379Z" }
wheels = [
    { url = "https://files.pythonhosted.org/packages/7b/9c/f51775ebe7df5a7aa4e7c79ed671bde94e154bd968aca8d65bb24aba0c8c/s3transfer-0.5.2-py3-none-any.whl", hash = "sha256:7a6f4c4d1fdb9a2b640244008e142cbc2cd3ae34b386584ef044dd0f27101971", size = 79534, upload-time = "2022-02-24T20:06:54.706Z" },
]

[[package]]
name = "six"
version = "1.17.0"
source = { registry = "https://pypi.org/simple" }
sdist = { url = "https://files.pythonhosted.org/packages/94/e7/b2c673351809dca68a0e064b6af791aa332cf192da575fd474ed7d6f16a2/six-1.17.0.tar.gz", hash = "sha256:ff70335d468e7eb6ec65b95b99d3a2836546063f63acc5171de367e834932a81", size = 34031, upload-time = "2024-12-04T17:35:28.174Z" }
wheels = [
    { url = "https://files.pythonhosted.org/packages/b7/ce/149a00dd41f10bc29e5921b496af8b574d8413afcd5e30dfa0ed46c2cc5e/six-1.17.0-py2.py3-none-any.whl", hash = "sha256:4721f391ed90541fddacab5acf947aa0d3dc7d27b2e1e8eda2be8970586c3274", size = 11050, upload-time = "2024-12-04T17:35:26.475Z" },
]

[[package]]
name = "sqlalchemy"
version = "1.4.46"
source = { registry = "https://pypi.org/simple" }
dependencies = [
    { name = "greenlet", marker = "platform_machine == 'AMD64' or platform_machine == 'WIN32' or platform_machine == 'aarch64' or platform_machine == 'amd64' or platform_machine == 'ppc64le' or platform_machine == 'win32' or platform_machine == 'x86_64'" },
]
sdist = { url = "https://files.pythonhosted.org/packages/af/ae/8d8e67f2691f0fdb845df90013d68c12a9127e009b4dedc34a3228f4e5ad/SQLAlchemy-1.4.46.tar.gz", hash = "sha256:6913b8247d8a292ef8315162a51931e2b40ce91681f1b6f18f697045200c4a30", size = 8544238, upload-time = "2023-01-03T20:16:58.23Z" }
wheels = [
    { url = "https://files.pythonhosted.org/packages/6a/4c/34ee83616714e6194980e0429a8d58746f011848ea766cd61083a6ae5535/SQLAlchemy-1.4.46-cp310-cp310-macosx_11_0_x86_64.whl", hash = "sha256:b7f4b6aa6e87991ec7ce0e769689a977776db6704947e562102431474799a857", size = 1561874, upload-time = "2023-01-03T21:57:13.278Z" },
    { url = "https://files.pythonhosted.org/packages/a4/6e/c1d1c8c675630d267363b2d42592c57e7a6fba618787bd9af9761f67b3b5/SQLAlchemy-1.4.46-cp310-cp310-manylinux_2_17_aarch64.manylinux2014_aarch64.whl", hash = "sha256:5dbf17ac9a61e7a3f1c7ca47237aac93cabd7f08ad92ac5b96d6f8dea4287fc1", size = 1615658, upload-time = "2023-01-03T22:12:38.109Z" },
    { url = "https://files.pythonhosted.org/packages/00/ef/3d1f7491eb4782dcd5e0494c650b4e52d02b17436db06510e5707fdee2be/SQLAlchemy-1.4.46-cp310-cp310-manylinux_2_5_x86_64.manylinux1_x86_64.manylinux_2_12_x86_64.manylinux2010_x86_64.whl", hash = "sha256:7f8267682eb41a0584cf66d8a697fef64b53281d01c93a503e1344197f2e01fe", size = 1627214, upload-time = "2023-01-03T21:52:11.135Z" },
    { url = "https://files.pythonhosted.org/packages/eb/8d/1b52215b53a4a7f3bc0e532c7491cd48fd30a9c2c76470c505db1229a8c8/SQLAlchemy-1.4.46-cp310-cp310-manylinux_2_5_x86_64.manylinux1_x86_64.manylinux_2_17_x86_64.manylinux2014_x86_64.whl", hash = "sha256:64cb0ad8a190bc22d2112001cfecdec45baffdf41871de777239da6a28ed74b6", size = 1627213, upload-time = "2023-01-03T21:52:13.235Z" },
    { url = "https://files.pythonhosted.org/packages/e1/7e/92a4c30859e7950c8f4f5de0388b953b4b7e560e8d48a50f503d1d8e3980/SQLAlchemy-1.4.46-cp310-cp310-win32.whl", hash = "sha256:5f752676fc126edc1c4af0ec2e4d2adca48ddfae5de46bb40adbd3f903eb2120", size = 1578997, upload-time = "2023-01-03T22:10:25.547Z" },
    { url = "https://files.pythonhosted.org/packages/88/b5/47f5c394b2ff2a0997c05d4cc999537a576e6c2fd8298c996fa7deea6991/SQLAlchemy-1.4.46-cp310-cp310-win_amd64.whl", hash = "sha256:31de1e2c45e67a5ec1ecca6ec26aefc299dd5151e355eb5199cd9516b57340be", size = 1581092, upload-time = "2023-01-03T22:08:37.087Z" },
]

[[package]]
name = "tzdata"
version = "2026.2"
source = { registry = "https://pypi.org/simple" }
sdist = { url = "https://files.pythonhosted.org/packages/ba/19/1b9b0e29f30c6d35cb345486df41110984ea67ae69dddbc0e8a100999493/tzdata-2026.2.tar.gz", hash = "sha256:9173fde7d80d9018e02a662e168e5a2d04f87c41ea174b139fbef642eda62d10", size = 198254, upload-time = "2026-04-24T15:22:08.651Z" }
wheels = [
    { url = "https://files.pythonhosted.org/packages/ce/e4/dccd7f47c4b64213ac01ef921a1337ee6e30e8c6466046018326977efd95/tzdata-2026.2-py2.py3-none-any.whl", hash = "sha256:bbe9af844f658da81a5f95019480da3a89415801f6cc966806612cc7169bffe7", size = 349321, upload-time = "2026-04-24T15:22:05.876Z" },
]

[[package]]
name = "urllib3"
version = "1.26.20"
source = { registry = "https://pypi.org/simple" }
sdist = { url = "https://files.pythonhosted.org/packages/e4/e8/6ff5e6bc22095cfc59b6ea711b687e2b7ed4bdb373f7eeec370a97d7392f/urllib3-1.26.20.tar.gz", hash = "sha256:40c2dc0c681e47eb8f90e7e27bf6ff7df2e677421fd46756da1161c39ca70d32", size = 307380, upload-time = "2024-08-29T15:43:11.37Z" }
wheels = [
    { url = "https://files.pythonhosted.org/packages/33/cf/8435d5a7159e2a9c83a95896ed596f68cf798005fe107cc655b5c5c14704/urllib3-1.26.20-py2.py3-none-any.whl", hash = "sha256:0ed14ccfbf1c30a9072c7ca157e4319b70d65f623e91e7b32fadb2853431016e", size = 144225, upload-time = "2024-08-29T15:43:08.921Z" },
]
